// !$*UTF8*$!
{
	archiveVersion = 1;
	classes = {
	};
	objectVersion = 46;
	objects = {

/* Begin PBXBuildFile section */
		1CD8625914E88A054A9AF18D /* Pods_MammaFoodieTests.framework in Frameworks */ = {isa = PBXBuildFile; fileRef = F298BC0C2AF8494C9185AB67 /* Pods_MammaFoodieTests.framework */; };
		2B025E311E69CCFA00113729 /* ProfileTableViewButton.swift in Sources */ = {isa = PBXBuildFile; fileRef = 2B025E301E69CCFA00113729 /* ProfileTableViewButton.swift */; };
		2B025E331E69DB1C00113729 /* DishAlertView.swift in Sources */ = {isa = PBXBuildFile; fileRef = 2B025E321E69DB1B00113729 /* DishAlertView.swift */; };
		2B025E3A1E6F5D2300113729 /* AddDishViewController.swift in Sources */ = {isa = PBXBuildFile; fileRef = 2B025E391E6F5D2300113729 /* AddDishViewController.swift */; };
		2B025E3C1E73070800113729 /* AddImageTableViewCell.swift in Sources */ = {isa = PBXBuildFile; fileRef = 2B025E3B1E73070800113729 /* AddImageTableViewCell.swift */; };
		2B025E3E1E73101C00113729 /* FormTableViewHeaderView.swift in Sources */ = {isa = PBXBuildFile; fileRef = 2B025E3D1E73101C00113729 /* FormTableViewHeaderView.swift */; };
		2B05E7561E76DAF40060821C /* PlaceOrderViewController.swift in Sources */ = {isa = PBXBuildFile; fileRef = 2B05E7551E76DAF40060821C /* PlaceOrderViewController.swift */; };
		2B35B15B1E60A86F00A6C06C /* SignupViewController.swift in Sources */ = {isa = PBXBuildFile; fileRef = 2B35B15A1E60A86F00A6C06C /* SignupViewController.swift */; };
		2B35B15D1E60C4B100A6C06C /* FormSubmitButton.swift in Sources */ = {isa = PBXBuildFile; fileRef = 2B35B15C1E60C4B100A6C06C /* FormSubmitButton.swift */; };
		2B4900371E7B24B7003403CD /* PaymentView.swift in Sources */ = {isa = PBXBuildFile; fileRef = 2B4900361E7B24B7003403CD /* PaymentView.swift */; };
		2B4900391E7C7078003403CD /* GoogleService-Info.plist in Resources */ = {isa = PBXBuildFile; fileRef = 2B4900381E7C7078003403CD /* GoogleService-Info.plist */; };
		2B49003B1E7C8072003403CD /* FloatingCartView.swift in Sources */ = {isa = PBXBuildFile; fileRef = 2B49003A1E7C8072003403CD /* FloatingCartView.swift */; };
		2B6CD0B51E5DDBA00001EA68 /* AppDelegate.swift in Sources */ = {isa = PBXBuildFile; fileRef = 2B6CD0B41E5DDBA00001EA68 /* AppDelegate.swift */; };
		2B6CD0BA1E5DDBA00001EA68 /* Main.storyboard in Resources */ = {isa = PBXBuildFile; fileRef = 2B6CD0B81E5DDBA00001EA68 /* Main.storyboard */; };
		2B6CD0BC1E5DDBA00001EA68 /* Assets.xcassets in Resources */ = {isa = PBXBuildFile; fileRef = 2B6CD0BB1E5DDBA00001EA68 /* Assets.xcassets */; };
		2B6CD0BF1E5DDBA00001EA68 /* LaunchScreen.storyboard in Resources */ = {isa = PBXBuildFile; fileRef = 2B6CD0BD1E5DDBA00001EA68 /* LaunchScreen.storyboard */; };
		2B6CD0CA1E5DDBA00001EA68 /* MammaFoodieTests.swift in Sources */ = {isa = PBXBuildFile; fileRef = 2B6CD0C91E5DDBA00001EA68 /* MammaFoodieTests.swift */; };
		2B752A221E5DE3AE00EAECEB /* LoginViewController.swift in Sources */ = {isa = PBXBuildFile; fileRef = 2B752A211E5DE3AE00EAECEB /* LoginViewController.swift */; };
		2B8881511E75C80A008BB0B5 /* PurchaseDishViewController.swift in Sources */ = {isa = PBXBuildFile; fileRef = 2B8881501E75C80A008BB0B5 /* PurchaseDishViewController.swift */; };
		2B89C7B21E64BA0B009B88D9 /* ProfileTableHeaderView.swift in Sources */ = {isa = PBXBuildFile; fileRef = 2B89C7B11E64BA0B009B88D9 /* ProfileTableHeaderView.swift */; };
		2B8C76F41E5DF24400FA60C8 /* FBSDKLoginKit.framework in Frameworks */ = {isa = PBXBuildFile; fileRef = 2B8C76F31E5DF24400FA60C8 /* FBSDKLoginKit.framework */; };
		2B8C76F71E5DF29700FA60C8 /* FBSDKCoreKit.framework in Frameworks */ = {isa = PBXBuildFile; fileRef = 2B8C76F51E5DF29700FA60C8 /* FBSDKCoreKit.framework */; };
		2B8C76F81E5DF29700FA60C8 /* Bolts.framework in Frameworks */ = {isa = PBXBuildFile; fileRef = 2B8C76F61E5DF29700FA60C8 /* Bolts.framework */; };
		2B9C92F31E6478950020FD28 /* FirebaseAPIClient.swift in Sources */ = {isa = PBXBuildFile; fileRef = 2B9C92F21E6478950020FD28 /* FirebaseAPIClient.swift */; };
		2B9C92F51E647ECA0020FD28 /* ProfileView.swift in Sources */ = {isa = PBXBuildFile; fileRef = 2B9C92F41E647ECA0020FD28 /* ProfileView.swift */; };
		2B9C92F81E647F380020FD28 /* DishTableViewCell.swift in Sources */ = {isa = PBXBuildFile; fileRef = 2B9C92F71E647F380020FD28 /* DishTableViewCell.swift */; };
		2B9C92FA1E647F490020FD28 /* ReviewTableViewCell.swift in Sources */ = {isa = PBXBuildFile; fileRef = 2B9C92F91E647F490020FD28 /* ReviewTableViewCell.swift */; };
		2B9C92FC1E647F740020FD28 /* UserTableViewCell.swift in Sources */ = {isa = PBXBuildFile; fileRef = 2B9C92FB1E647F740020FD28 /* UserTableViewCell.swift */; };
		2BA794EE1E7ABD2F00489F8D /* CartItemTableViewCell.swift in Sources */ = {isa = PBXBuildFile; fileRef = 2BA794ED1E7ABD2F00489F8D /* CartItemTableViewCell.swift */; };
		2BA794F21E7ACEA800489F8D /* DeliveryInfoView.swift in Sources */ = {isa = PBXBuildFile; fileRef = 2BA794F11E7ACEA800489F8D /* DeliveryInfoView.swift */; };
		2BC3CA0F1E802EB900D8D855 /* Secrets.swift in Sources */ = {isa = PBXBuildFile; fileRef = 2BC3CA0E1E802EB900D8D855 /* Secrets.swift */; };
		2BC3CA111E80343E00D8D855 /* PostmatesAPIClient.swift in Sources */ = {isa = PBXBuildFile; fileRef = 2BC3CA101E80343E00D8D855 /* PostmatesAPIClient.swift */; };
		845D39E68BE4626233789129 /* Pods_MammaFoodie.framework in Frameworks */ = {isa = PBXBuildFile; fileRef = 09ECF1084C50127AB0E98CCE /* Pods_MammaFoodie.framework */; };
		BF29817D1E7B164900AE1357 /* APIClient.swift in Sources */ = {isa = PBXBuildFile; fileRef = BF29817C1E7B164900AE1357 /* APIClient.swift */; };
		BF29817F1E7B16DD00AE1357 /* Networking.swift in Sources */ = {isa = PBXBuildFile; fileRef = BF29817E1E7B16DD00AE1357 /* Networking.swift */; };
		BF2981861E7B200200AE1357 /* CheckoutRowView.swift in Sources */ = {isa = PBXBuildFile; fileRef = BF2981851E7B200200AE1357 /* CheckoutRowView.swift */; };
		BF2981881E7B203700AE1357 /* Buttons.swift in Sources */ = {isa = PBXBuildFile; fileRef = BF2981871E7B203700AE1357 /* Buttons.swift */; };
		BF29818A1E7B20B000AE1357 /* StripeSettingsViewController.swift in Sources */ = {isa = PBXBuildFile; fileRef = BF2981891E7B20B000AE1357 /* StripeSettingsViewController.swift */; };
		BF29818C1E7B2C5E00AE1357 /* Secrets.swift in Sources */ = {isa = PBXBuildFile; fileRef = BF29818B1E7B2C5E00AE1357 /* Secrets.swift */; };
		BF3F61021E6DF555008EF3C9 /* Address.swift in Sources */ = {isa = PBXBuildFile; fileRef = BF3F61011E6DF555008EF3C9 /* Address.swift */; };
		BF3F61041E6E0A36008EF3C9 /* AddressesViewController.swift in Sources */ = {isa = PBXBuildFile; fileRef = BF3F61031E6E0A36008EF3C9 /* AddressesViewController.swift */; };
		BF3F61061E6F0DD9008EF3C9 /* OnboardingViewController.swift in Sources */ = {isa = PBXBuildFile; fileRef = BF3F61051E6F0DD9008EF3C9 /* OnboardingViewController.swift */; };
		BF3F61081E6F1EB3008EF3C9 /* ScheduleBroadcastViewController.swift in Sources */ = {isa = PBXBuildFile; fileRef = BF3F61071E6F1EB3008EF3C9 /* ScheduleBroadcastViewController.swift */; };
		BF3F610B1E6F211E008EF3C9 /* EditProfileViewController.swift in Sources */ = {isa = PBXBuildFile; fileRef = BF3F610A1E6F211E008EF3C9 /* EditProfileViewController.swift */; };
		BF3F610D1E6F5923008EF3C9 /* TextViewTableViewCell.swift in Sources */ = {isa = PBXBuildFile; fileRef = BF3F610C1E6F5923008EF3C9 /* TextViewTableViewCell.swift */; };
		BF40C31A1E7E22C30006A454 /* StripeApiClient.swift in Sources */ = {isa = PBXBuildFile; fileRef = BF40C3191E7E22C30006A454 /* StripeApiClient.swift */; };
		BF706C3B1E78FDA800D792B5 /* BroadcastDescriptionViewController.swift in Sources */ = {isa = PBXBuildFile; fileRef = BF706C3A1E78FDA800D792B5 /* BroadcastDescriptionViewController.swift */; };
		BF706C3D1E79111100D792B5 /* BroadcastImageTableViewCell.swift in Sources */ = {isa = PBXBuildFile; fileRef = BF706C3C1E79111100D792B5 /* BroadcastImageTableViewCell.swift */; };
		BF706C3F1E7AE59700D792B5 /* PaymentViewController.swift in Sources */ = {isa = PBXBuildFile; fileRef = BF706C3E1E7AE59700D792B5 /* PaymentViewController.swift */; };
		BF75FF521E69C63A00DD7102 /* AddAddressViewController.swift in Sources */ = {isa = PBXBuildFile; fileRef = BF75FF511E69C63A00DD7102 /* AddAddressViewController.swift */; };
		BF75FF541E69DBB900DD7102 /* SettingsViewController.swift in Sources */ = {isa = PBXBuildFile; fileRef = BF75FF531E69DBB900DD7102 /* SettingsViewController.swift */; };
		BF75FF561E69F28E00DD7102 /* TextFieldTableViewCell.swift in Sources */ = {isa = PBXBuildFile; fileRef = BF75FF551E69F28E00DD7102 /* TextFieldTableViewCell.swift */; };
		BF7F19191E60A51200595CA4 /* Constants.swift in Sources */ = {isa = PBXBuildFile; fileRef = BF7F19181E60A51200595CA4 /* Constants.swift */; };
		BF7F191B1E60A7A600595CA4 /* Extentions.swift in Sources */ = {isa = PBXBuildFile; fileRef = BF7F191A1E60A7A600595CA4 /* Extentions.swift */; };
		BF7F191D1E60BA3600595CA4 /* Comment.swift in Sources */ = {isa = PBXBuildFile; fileRef = BF7F191C1E60BA3600595CA4 /* Comment.swift */; };
		BF7F191F1E60DE9D00595CA4 /* UserPageViewController.swift in Sources */ = {isa = PBXBuildFile; fileRef = BF7F191E1E60DE9D00595CA4 /* UserPageViewController.swift */; };
		BF7F19211E60DEE900595CA4 /* ProfileViewController.swift in Sources */ = {isa = PBXBuildFile; fileRef = BF7F19201E60DEE900595CA4 /* ProfileViewController.swift */; };
		BF7F19231E60DF0100595CA4 /* MainFeedViewController.swift in Sources */ = {isa = PBXBuildFile; fileRef = BF7F19221E60DF0100595CA4 /* MainFeedViewController.swift */; };
		BF7F19251E60DF1E00595CA4 /* SearchViewController.swift in Sources */ = {isa = PBXBuildFile; fileRef = BF7F19241E60DF1E00595CA4 /* SearchViewController.swift */; };
		BF7F19281E6472CE00595CA4 /* MediaPickerHelper.swift in Sources */ = {isa = PBXBuildFile; fileRef = BF7F19271E6472CE00595CA4 /* MediaPickerHelper.swift */; };
		BF7F192A1E64731900595CA4 /* NavBar.swift in Sources */ = {isa = PBXBuildFile; fileRef = BF7F19291E64731900595CA4 /* NavBar.swift */; };
		BF7F192C1E647C0600595CA4 /* CookingNowCollectionViewCell.swift in Sources */ = {isa = PBXBuildFile; fileRef = BF7F192B1E647C0600595CA4 /* CookingNowCollectionViewCell.swift */; };
		BF7F192F1E647D3700595CA4 /* LiveNowCollectionViewCell.swift in Sources */ = {isa = PBXBuildFile; fileRef = BF7F192E1E647D3700595CA4 /* LiveNowCollectionViewCell.swift */; };
		BF7F19311E647D5400595CA4 /* UpcomingBroadcastsCollectionViewCell.swift in Sources */ = {isa = PBXBuildFile; fileRef = BF7F19301E647D5400595CA4 /* UpcomingBroadcastsCollectionViewCell.swift */; };
		BF7F19331E6485BA00595CA4 /* FeaturedChefCollectionViewCell.swift in Sources */ = {isa = PBXBuildFile; fileRef = BF7F19321E6485BA00595CA4 /* FeaturedChefCollectionViewCell.swift */; };
		BF7F19351E64BB8E00595CA4 /* SupplementaryHeaderCollectionReusableView.swift in Sources */ = {isa = PBXBuildFile; fileRef = BF7F19341E64BB8E00595CA4 /* SupplementaryHeaderCollectionReusableView.swift */; };
		BF7F193B1E64CFEF00595CA4 /* FeaturedChefTableViewCell.swift in Sources */ = {isa = PBXBuildFile; fileRef = BF7F193A1E64CFEF00595CA4 /* FeaturedChefTableViewCell.swift */; };
		BF7F193D1E64CFFC00595CA4 /* CookingNowTableViewCell.swift in Sources */ = {isa = PBXBuildFile; fileRef = BF7F193C1E64CFFC00595CA4 /* CookingNowTableViewCell.swift */; };
		BF7F193F1E64D03600595CA4 /* LiveNowTableViewCell.swift in Sources */ = {isa = PBXBuildFile; fileRef = BF7F193E1E64D03600595CA4 /* LiveNowTableViewCell.swift */; };
		BF7F19411E64D04900595CA4 /* UpcomingBroadcastsTableViewCell.swift in Sources */ = {isa = PBXBuildFile; fileRef = BF7F19401E64D04900595CA4 /* UpcomingBroadcastsTableViewCell.swift */; };
		BF7F19461E672AB900595CA4 /* Nexa Bold.otf in Resources */ = {isa = PBXBuildFile; fileRef = BF7F19451E672AB900595CA4 /* Nexa Bold.otf */; };
		BF7F19481E672ACC00595CA4 /* Nexa Light.otf in Resources */ = {isa = PBXBuildFile; fileRef = BF7F19471E672ACC00595CA4 /* Nexa Light.otf */; };
		BF7F194A1E676C8200595CA4 /* SearchUserTableViewCell.swift in Sources */ = {isa = PBXBuildFile; fileRef = BF7F19491E676C8200595CA4 /* SearchUserTableViewCell.swift */; };
		BF7F194C1E68F2CA00595CA4 /* FollowButton.swift in Sources */ = {isa = PBXBuildFile; fileRef = BF7F194B1E68F2CA00595CA4 /* FollowButton.swift */; };
		BF9E09B31E76004000059A30 /* DatePickerViewController.swift in Sources */ = {isa = PBXBuildFile; fileRef = BF9E09B21E76004000059A30 /* DatePickerViewController.swift */; };
		BF9E09B51E77157D00059A30 /* BroadcastTitleViewController.swift in Sources */ = {isa = PBXBuildFile; fileRef = BF9E09B41E77157D00059A30 /* BroadcastTitleViewController.swift */; };
		BF9E09B91E7715CB00059A30 /* SelectDishViewController.swift in Sources */ = {isa = PBXBuildFile; fileRef = BF9E09B81E7715CB00059A30 /* SelectDishViewController.swift */; };
		BFB853571E5DE20B009D7069 /* User.swift in Sources */ = {isa = PBXBuildFile; fileRef = BFB853561E5DE20B009D7069 /* User.swift */; };
		BFB853591E5DE342009D7069 /* Dish.swift in Sources */ = {isa = PBXBuildFile; fileRef = BFB853581E5DE342009D7069 /* Dish.swift */; };
		BFB8535B1E5DE55F009D7069 /* Review.swift in Sources */ = {isa = PBXBuildFile; fileRef = BFB8535A1E5DE55F009D7069 /* Review.swift */; };
		BFB8535E1E5DE671009D7069 /* Notification.swift in Sources */ = {isa = PBXBuildFile; fileRef = BFB8535D1E5DE671009D7069 /* Notification.swift */; };
		BFB853601E5DE7DA009D7069 /* Broadcast.swift in Sources */ = {isa = PBXBuildFile; fileRef = BFB8535F1E5DE7DA009D7069 /* Broadcast.swift */; };
		BFB853621E5DEA35009D7069 /* DatabaseReference.swift in Sources */ = {isa = PBXBuildFile; fileRef = BFB853611E5DEA35009D7069 /* DatabaseReference.swift */; };
		BFB853641E5DEE74009D7069 /* FIRImage.swift in Sources */ = {isa = PBXBuildFile; fileRef = BFB853631E5DEE74009D7069 /* FIRImage.swift */; };
		BFB853661E5DFA7A009D7069 /* Datastore.swift in Sources */ = {isa = PBXBuildFile; fileRef = BFB853651E5DFA7A009D7069 /* Datastore.swift */; };
		BFCCC4A71E6DCDC000CFF898 /* EditProfileTableViewCell.swift in Sources */ = {isa = PBXBuildFile; fileRef = BFCCC4A61E6DCDC000CFF898 /* EditProfileTableViewCell.swift */; };
		BFCCC4A91E6DF12000CFF898 /* InfoTableViewCell.swift in Sources */ = {isa = PBXBuildFile; fileRef = BFCCC4A81E6DF12000CFF898 /* InfoTableViewCell.swift */; };
/* End PBXBuildFile section */

/* Begin PBXContainerItemProxy section */
		2B6CD0C61E5DDBA00001EA68 /* PBXContainerItemProxy */ = {
			isa = PBXContainerItemProxy;
			containerPortal = 2B6CD0A91E5DDBA00001EA68 /* Project object */;
			proxyType = 1;
			remoteGlobalIDString = 2B6CD0B01E5DDBA00001EA68;
			remoteInfo = MammaFoodie;
		};
/* End PBXContainerItemProxy section */

/* Begin PBXFileReference section */
		09ECF1084C50127AB0E98CCE /* Pods_MammaFoodie.framework */ = {isa = PBXFileReference; explicitFileType = wrapper.framework; includeInIndex = 0; path = Pods_MammaFoodie.framework; sourceTree = BUILT_PRODUCTS_DIR; };
		2B025E301E69CCFA00113729 /* ProfileTableViewButton.swift */ = {isa = PBXFileReference; fileEncoding = 4; lastKnownFileType = sourcecode.swift; path = ProfileTableViewButton.swift; sourceTree = "<group>"; };
		2B025E321E69DB1B00113729 /* DishAlertView.swift */ = {isa = PBXFileReference; fileEncoding = 4; lastKnownFileType = sourcecode.swift; path = DishAlertView.swift; sourceTree = "<group>"; };
		2B025E391E6F5D2300113729 /* AddDishViewController.swift */ = {isa = PBXFileReference; fileEncoding = 4; lastKnownFileType = sourcecode.swift; path = AddDishViewController.swift; sourceTree = "<group>"; };
		2B025E3B1E73070800113729 /* AddImageTableViewCell.swift */ = {isa = PBXFileReference; fileEncoding = 4; lastKnownFileType = sourcecode.swift; path = AddImageTableViewCell.swift; sourceTree = "<group>"; };
		2B025E3D1E73101C00113729 /* FormTableViewHeaderView.swift */ = {isa = PBXFileReference; fileEncoding = 4; lastKnownFileType = sourcecode.swift; path = FormTableViewHeaderView.swift; sourceTree = "<group>"; };
		2B05E7551E76DAF40060821C /* PlaceOrderViewController.swift */ = {isa = PBXFileReference; fileEncoding = 4; lastKnownFileType = sourcecode.swift; path = PlaceOrderViewController.swift; sourceTree = "<group>"; };
		2B35B1591E5E2E1100A6C06C /* MammaFoodie.entitlements */ = {isa = PBXFileReference; lastKnownFileType = text.plist.entitlements; path = MammaFoodie.entitlements; sourceTree = "<group>"; };
		2B35B15A1E60A86F00A6C06C /* SignupViewController.swift */ = {isa = PBXFileReference; fileEncoding = 4; lastKnownFileType = sourcecode.swift; path = SignupViewController.swift; sourceTree = "<group>"; };
		2B35B15C1E60C4B100A6C06C /* FormSubmitButton.swift */ = {isa = PBXFileReference; fileEncoding = 4; lastKnownFileType = sourcecode.swift; name = FormSubmitButton.swift; path = ../FormSubmitButton.swift; sourceTree = "<group>"; };
		2B4900361E7B24B7003403CD /* PaymentView.swift */ = {isa = PBXFileReference; fileEncoding = 4; lastKnownFileType = sourcecode.swift; path = PaymentView.swift; sourceTree = "<group>"; };
		2B4900381E7C7078003403CD /* GoogleService-Info.plist */ = {isa = PBXFileReference; fileEncoding = 4; lastKnownFileType = text.plist.xml; path = "GoogleService-Info.plist"; sourceTree = "<group>"; };
		2B49003A1E7C8072003403CD /* FloatingCartView.swift */ = {isa = PBXFileReference; fileEncoding = 4; lastKnownFileType = sourcecode.swift; path = FloatingCartView.swift; sourceTree = "<group>"; };
		2B6CD0B11E5DDBA00001EA68 /* MammaFoodie.app */ = {isa = PBXFileReference; explicitFileType = wrapper.application; includeInIndex = 0; path = MammaFoodie.app; sourceTree = BUILT_PRODUCTS_DIR; };
		2B6CD0B41E5DDBA00001EA68 /* AppDelegate.swift */ = {isa = PBXFileReference; lastKnownFileType = sourcecode.swift; path = AppDelegate.swift; sourceTree = "<group>"; };
		2B6CD0B91E5DDBA00001EA68 /* Base */ = {isa = PBXFileReference; lastKnownFileType = file.storyboard; name = Base; path = Base.lproj/Main.storyboard; sourceTree = "<group>"; };
		2B6CD0BB1E5DDBA00001EA68 /* Assets.xcassets */ = {isa = PBXFileReference; lastKnownFileType = folder.assetcatalog; path = Assets.xcassets; sourceTree = "<group>"; };
		2B6CD0BE1E5DDBA00001EA68 /* Base */ = {isa = PBXFileReference; lastKnownFileType = file.storyboard; name = Base; path = Base.lproj/LaunchScreen.storyboard; sourceTree = "<group>"; };
		2B6CD0C01E5DDBA00001EA68 /* Info.plist */ = {isa = PBXFileReference; lastKnownFileType = text.plist.xml; path = Info.plist; sourceTree = "<group>"; };
		2B6CD0C51E5DDBA00001EA68 /* MammaFoodieTests.xctest */ = {isa = PBXFileReference; explicitFileType = wrapper.cfbundle; includeInIndex = 0; path = MammaFoodieTests.xctest; sourceTree = BUILT_PRODUCTS_DIR; };
		2B6CD0C91E5DDBA00001EA68 /* MammaFoodieTests.swift */ = {isa = PBXFileReference; lastKnownFileType = sourcecode.swift; path = MammaFoodieTests.swift; sourceTree = "<group>"; };
		2B6CD0CB1E5DDBA00001EA68 /* Info.plist */ = {isa = PBXFileReference; lastKnownFileType = text.plist.xml; path = Info.plist; sourceTree = "<group>"; };
		2B752A211E5DE3AE00EAECEB /* LoginViewController.swift */ = {isa = PBXFileReference; fileEncoding = 4; lastKnownFileType = sourcecode.swift; path = LoginViewController.swift; sourceTree = "<group>"; };
		2B8881501E75C80A008BB0B5 /* PurchaseDishViewController.swift */ = {isa = PBXFileReference; fileEncoding = 4; lastKnownFileType = sourcecode.swift; path = PurchaseDishViewController.swift; sourceTree = "<group>"; };
		2B89C7B11E64BA0B009B88D9 /* ProfileTableHeaderView.swift */ = {isa = PBXFileReference; fileEncoding = 4; lastKnownFileType = sourcecode.swift; path = ProfileTableHeaderView.swift; sourceTree = "<group>"; };
		2B8C76F31E5DF24400FA60C8 /* FBSDKLoginKit.framework */ = {isa = PBXFileReference; lastKnownFileType = wrapper.framework; path = FBSDKLoginKit.framework; sourceTree = "<group>"; };
		2B8C76F51E5DF29700FA60C8 /* FBSDKCoreKit.framework */ = {isa = PBXFileReference; lastKnownFileType = wrapper.framework; path = FBSDKCoreKit.framework; sourceTree = "<group>"; };
		2B8C76F61E5DF29700FA60C8 /* Bolts.framework */ = {isa = PBXFileReference; lastKnownFileType = wrapper.framework; path = Bolts.framework; sourceTree = "<group>"; };
		2B9C92F21E6478950020FD28 /* FirebaseAPIClient.swift */ = {isa = PBXFileReference; fileEncoding = 4; lastKnownFileType = sourcecode.swift; path = FirebaseAPIClient.swift; sourceTree = "<group>"; };
		2B9C92F41E647ECA0020FD28 /* ProfileView.swift */ = {isa = PBXFileReference; fileEncoding = 4; lastKnownFileType = sourcecode.swift; path = ProfileView.swift; sourceTree = "<group>"; };
		2B9C92F71E647F380020FD28 /* DishTableViewCell.swift */ = {isa = PBXFileReference; fileEncoding = 4; lastKnownFileType = sourcecode.swift; path = DishTableViewCell.swift; sourceTree = "<group>"; };
		2B9C92F91E647F490020FD28 /* ReviewTableViewCell.swift */ = {isa = PBXFileReference; fileEncoding = 4; lastKnownFileType = sourcecode.swift; path = ReviewTableViewCell.swift; sourceTree = "<group>"; };
		2B9C92FB1E647F740020FD28 /* UserTableViewCell.swift */ = {isa = PBXFileReference; fileEncoding = 4; lastKnownFileType = sourcecode.swift; path = UserTableViewCell.swift; sourceTree = "<group>"; };
		2BA794ED1E7ABD2F00489F8D /* CartItemTableViewCell.swift */ = {isa = PBXFileReference; fileEncoding = 4; lastKnownFileType = sourcecode.swift; path = CartItemTableViewCell.swift; sourceTree = "<group>"; };
		2BA794F11E7ACEA800489F8D /* DeliveryInfoView.swift */ = {isa = PBXFileReference; fileEncoding = 4; lastKnownFileType = sourcecode.swift; path = DeliveryInfoView.swift; sourceTree = "<group>"; };
		2BC3CA0E1E802EB900D8D855 /* Secrets.swift */ = {isa = PBXFileReference; fileEncoding = 4; lastKnownFileType = sourcecode.swift; path = Secrets.swift; sourceTree = "<group>"; };
		2BC3CA101E80343E00D8D855 /* PostmatesAPIClient.swift */ = {isa = PBXFileReference; fileEncoding = 4; lastKnownFileType = sourcecode.swift; path = PostmatesAPIClient.swift; sourceTree = "<group>"; };
		B1533229496A4BCF63BB62D3 /* Pods-MammaFoodie.debug.xcconfig */ = {isa = PBXFileReference; includeInIndex = 1; lastKnownFileType = text.xcconfig; name = "Pods-MammaFoodie.debug.xcconfig"; path = "Pods/Target Support Files/Pods-MammaFoodie/Pods-MammaFoodie.debug.xcconfig"; sourceTree = "<group>"; };
		BD02199AB0AA243CD21FBD43 /* Pods-MammaFoodieTests.release.xcconfig */ = {isa = PBXFileReference; includeInIndex = 1; lastKnownFileType = text.xcconfig; name = "Pods-MammaFoodieTests.release.xcconfig"; path = "Pods/Target Support Files/Pods-MammaFoodieTests/Pods-MammaFoodieTests.release.xcconfig"; sourceTree = "<group>"; };
		BF29817C1E7B164900AE1357 /* APIClient.swift */ = {isa = PBXFileReference; fileEncoding = 4; lastKnownFileType = sourcecode.swift; path = APIClient.swift; sourceTree = "<group>"; };
		BF29817E1E7B16DD00AE1357 /* Networking.swift */ = {isa = PBXFileReference; fileEncoding = 4; lastKnownFileType = sourcecode.swift; path = Networking.swift; sourceTree = "<group>"; };
		BF2981851E7B200200AE1357 /* CheckoutRowView.swift */ = {isa = PBXFileReference; fileEncoding = 4; lastKnownFileType = sourcecode.swift; path = CheckoutRowView.swift; sourceTree = "<group>"; };
		BF2981871E7B203700AE1357 /* Buttons.swift */ = {isa = PBXFileReference; fileEncoding = 4; lastKnownFileType = sourcecode.swift; path = Buttons.swift; sourceTree = "<group>"; };
		BF2981891E7B20B000AE1357 /* StripeSettingsViewController.swift */ = {isa = PBXFileReference; fileEncoding = 4; lastKnownFileType = sourcecode.swift; path = StripeSettingsViewController.swift; sourceTree = "<group>"; };
		BF29818B1E7B2C5E00AE1357 /* Secrets.swift */ = {isa = PBXFileReference; fileEncoding = 4; lastKnownFileType = sourcecode.swift; path = Secrets.swift; sourceTree = "<group>"; };
		BF3F61011E6DF555008EF3C9 /* Address.swift */ = {isa = PBXFileReference; fileEncoding = 4; lastKnownFileType = sourcecode.swift; path = Address.swift; sourceTree = "<group>"; };
		BF3F61031E6E0A36008EF3C9 /* AddressesViewController.swift */ = {isa = PBXFileReference; fileEncoding = 4; lastKnownFileType = sourcecode.swift; path = AddressesViewController.swift; sourceTree = "<group>"; };
		BF3F61051E6F0DD9008EF3C9 /* OnboardingViewController.swift */ = {isa = PBXFileReference; fileEncoding = 4; lastKnownFileType = sourcecode.swift; path = OnboardingViewController.swift; sourceTree = "<group>"; };
		BF3F61071E6F1EB3008EF3C9 /* ScheduleBroadcastViewController.swift */ = {isa = PBXFileReference; fileEncoding = 4; lastKnownFileType = sourcecode.swift; path = ScheduleBroadcastViewController.swift; sourceTree = "<group>"; };
		BF3F610A1E6F211E008EF3C9 /* EditProfileViewController.swift */ = {isa = PBXFileReference; fileEncoding = 4; lastKnownFileType = sourcecode.swift; path = EditProfileViewController.swift; sourceTree = "<group>"; };
		BF3F610C1E6F5923008EF3C9 /* TextViewTableViewCell.swift */ = {isa = PBXFileReference; fileEncoding = 4; lastKnownFileType = sourcecode.swift; path = TextViewTableViewCell.swift; sourceTree = "<group>"; };
		BF40C3191E7E22C30006A454 /* StripeApiClient.swift */ = {isa = PBXFileReference; fileEncoding = 4; lastKnownFileType = sourcecode.swift; path = StripeApiClient.swift; sourceTree = "<group>"; };
		BF706C3A1E78FDA800D792B5 /* BroadcastDescriptionViewController.swift */ = {isa = PBXFileReference; fileEncoding = 4; lastKnownFileType = sourcecode.swift; path = BroadcastDescriptionViewController.swift; sourceTree = "<group>"; };
		BF706C3C1E79111100D792B5 /* BroadcastImageTableViewCell.swift */ = {isa = PBXFileReference; fileEncoding = 4; lastKnownFileType = sourcecode.swift; path = BroadcastImageTableViewCell.swift; sourceTree = "<group>"; };
		BF706C3E1E7AE59700D792B5 /* PaymentViewController.swift */ = {isa = PBXFileReference; fileEncoding = 4; lastKnownFileType = sourcecode.swift; path = PaymentViewController.swift; sourceTree = "<group>"; };
		BF75FF511E69C63A00DD7102 /* AddAddressViewController.swift */ = {isa = PBXFileReference; fileEncoding = 4; lastKnownFileType = sourcecode.swift; path = AddAddressViewController.swift; sourceTree = "<group>"; };
		BF75FF531E69DBB900DD7102 /* SettingsViewController.swift */ = {isa = PBXFileReference; fileEncoding = 4; lastKnownFileType = sourcecode.swift; path = SettingsViewController.swift; sourceTree = "<group>"; };
		BF75FF551E69F28E00DD7102 /* TextFieldTableViewCell.swift */ = {isa = PBXFileReference; fileEncoding = 4; lastKnownFileType = sourcecode.swift; path = TextFieldTableViewCell.swift; sourceTree = "<group>"; };
		BF7F19181E60A51200595CA4 /* Constants.swift */ = {isa = PBXFileReference; fileEncoding = 4; lastKnownFileType = sourcecode.swift; path = Constants.swift; sourceTree = "<group>"; };
		BF7F191A1E60A7A600595CA4 /* Extentions.swift */ = {isa = PBXFileReference; fileEncoding = 4; lastKnownFileType = sourcecode.swift; path = Extentions.swift; sourceTree = "<group>"; };
		BF7F191C1E60BA3600595CA4 /* Comment.swift */ = {isa = PBXFileReference; fileEncoding = 4; lastKnownFileType = sourcecode.swift; path = Comment.swift; sourceTree = "<group>"; };
		BF7F191E1E60DE9D00595CA4 /* UserPageViewController.swift */ = {isa = PBXFileReference; fileEncoding = 4; lastKnownFileType = sourcecode.swift; path = UserPageViewController.swift; sourceTree = "<group>"; };
		BF7F19201E60DEE900595CA4 /* ProfileViewController.swift */ = {isa = PBXFileReference; fileEncoding = 4; lastKnownFileType = sourcecode.swift; path = ProfileViewController.swift; sourceTree = "<group>"; };
		BF7F19221E60DF0100595CA4 /* MainFeedViewController.swift */ = {isa = PBXFileReference; fileEncoding = 4; lastKnownFileType = sourcecode.swift; path = MainFeedViewController.swift; sourceTree = "<group>"; };
		BF7F19241E60DF1E00595CA4 /* SearchViewController.swift */ = {isa = PBXFileReference; fileEncoding = 4; lastKnownFileType = sourcecode.swift; path = SearchViewController.swift; sourceTree = "<group>"; };
		BF7F19271E6472CE00595CA4 /* MediaPickerHelper.swift */ = {isa = PBXFileReference; fileEncoding = 4; lastKnownFileType = sourcecode.swift; path = MediaPickerHelper.swift; sourceTree = "<group>"; };
		BF7F19291E64731900595CA4 /* NavBar.swift */ = {isa = PBXFileReference; fileEncoding = 4; lastKnownFileType = sourcecode.swift; path = NavBar.swift; sourceTree = "<group>"; };
		BF7F192B1E647C0600595CA4 /* CookingNowCollectionViewCell.swift */ = {isa = PBXFileReference; fileEncoding = 4; lastKnownFileType = sourcecode.swift; path = CookingNowCollectionViewCell.swift; sourceTree = "<group>"; };
		BF7F192E1E647D3700595CA4 /* LiveNowCollectionViewCell.swift */ = {isa = PBXFileReference; fileEncoding = 4; lastKnownFileType = sourcecode.swift; path = LiveNowCollectionViewCell.swift; sourceTree = "<group>"; };
		BF7F19301E647D5400595CA4 /* UpcomingBroadcastsCollectionViewCell.swift */ = {isa = PBXFileReference; fileEncoding = 4; lastKnownFileType = sourcecode.swift; path = UpcomingBroadcastsCollectionViewCell.swift; sourceTree = "<group>"; };
		BF7F19321E6485BA00595CA4 /* FeaturedChefCollectionViewCell.swift */ = {isa = PBXFileReference; fileEncoding = 4; lastKnownFileType = sourcecode.swift; path = FeaturedChefCollectionViewCell.swift; sourceTree = "<group>"; };
		BF7F19341E64BB8E00595CA4 /* SupplementaryHeaderCollectionReusableView.swift */ = {isa = PBXFileReference; fileEncoding = 4; lastKnownFileType = sourcecode.swift; path = SupplementaryHeaderCollectionReusableView.swift; sourceTree = "<group>"; };
		BF7F193A1E64CFEF00595CA4 /* FeaturedChefTableViewCell.swift */ = {isa = PBXFileReference; fileEncoding = 4; lastKnownFileType = sourcecode.swift; path = FeaturedChefTableViewCell.swift; sourceTree = "<group>"; };
		BF7F193C1E64CFFC00595CA4 /* CookingNowTableViewCell.swift */ = {isa = PBXFileReference; fileEncoding = 4; lastKnownFileType = sourcecode.swift; path = CookingNowTableViewCell.swift; sourceTree = "<group>"; };
		BF7F193E1E64D03600595CA4 /* LiveNowTableViewCell.swift */ = {isa = PBXFileReference; fileEncoding = 4; lastKnownFileType = sourcecode.swift; path = LiveNowTableViewCell.swift; sourceTree = "<group>"; };
		BF7F19401E64D04900595CA4 /* UpcomingBroadcastsTableViewCell.swift */ = {isa = PBXFileReference; fileEncoding = 4; lastKnownFileType = sourcecode.swift; path = UpcomingBroadcastsTableViewCell.swift; sourceTree = "<group>"; };
		BF7F19451E672AB900595CA4 /* Nexa Bold.otf */ = {isa = PBXFileReference; lastKnownFileType = file; path = "Nexa Bold.otf"; sourceTree = "<group>"; };
		BF7F19471E672ACC00595CA4 /* Nexa Light.otf */ = {isa = PBXFileReference; lastKnownFileType = file; path = "Nexa Light.otf"; sourceTree = "<group>"; };
		BF7F19491E676C8200595CA4 /* SearchUserTableViewCell.swift */ = {isa = PBXFileReference; fileEncoding = 4; lastKnownFileType = sourcecode.swift; path = SearchUserTableViewCell.swift; sourceTree = "<group>"; };
		BF7F194B1E68F2CA00595CA4 /* FollowButton.swift */ = {isa = PBXFileReference; fileEncoding = 4; lastKnownFileType = sourcecode.swift; path = FollowButton.swift; sourceTree = "<group>"; };
		BF9E09B21E76004000059A30 /* DatePickerViewController.swift */ = {isa = PBXFileReference; fileEncoding = 4; lastKnownFileType = sourcecode.swift; path = DatePickerViewController.swift; sourceTree = "<group>"; };
		BF9E09B41E77157D00059A30 /* BroadcastTitleViewController.swift */ = {isa = PBXFileReference; fileEncoding = 4; lastKnownFileType = sourcecode.swift; path = BroadcastTitleViewController.swift; sourceTree = "<group>"; };
		BF9E09B81E7715CB00059A30 /* SelectDishViewController.swift */ = {isa = PBXFileReference; fileEncoding = 4; lastKnownFileType = sourcecode.swift; path = SelectDishViewController.swift; sourceTree = "<group>"; };
		BFB853561E5DE20B009D7069 /* User.swift */ = {isa = PBXFileReference; fileEncoding = 4; lastKnownFileType = sourcecode.swift; path = User.swift; sourceTree = "<group>"; };
		BFB853581E5DE342009D7069 /* Dish.swift */ = {isa = PBXFileReference; fileEncoding = 4; lastKnownFileType = sourcecode.swift; path = Dish.swift; sourceTree = "<group>"; };
		BFB8535A1E5DE55F009D7069 /* Review.swift */ = {isa = PBXFileReference; fileEncoding = 4; lastKnownFileType = sourcecode.swift; path = Review.swift; sourceTree = "<group>"; };
		BFB8535D1E5DE671009D7069 /* Notification.swift */ = {isa = PBXFileReference; fileEncoding = 4; lastKnownFileType = sourcecode.swift; path = Notification.swift; sourceTree = "<group>"; };
		BFB8535F1E5DE7DA009D7069 /* Broadcast.swift */ = {isa = PBXFileReference; fileEncoding = 4; lastKnownFileType = sourcecode.swift; path = Broadcast.swift; sourceTree = "<group>"; };
		BFB853611E5DEA35009D7069 /* DatabaseReference.swift */ = {isa = PBXFileReference; fileEncoding = 4; lastKnownFileType = sourcecode.swift; path = DatabaseReference.swift; sourceTree = "<group>"; };
		BFB853631E5DEE74009D7069 /* FIRImage.swift */ = {isa = PBXFileReference; fileEncoding = 4; lastKnownFileType = sourcecode.swift; path = FIRImage.swift; sourceTree = "<group>"; };
		BFB853651E5DFA7A009D7069 /* Datastore.swift */ = {isa = PBXFileReference; fileEncoding = 4; lastKnownFileType = sourcecode.swift; path = Datastore.swift; sourceTree = "<group>"; };
		BFCCC4A61E6DCDC000CFF898 /* EditProfileTableViewCell.swift */ = {isa = PBXFileReference; fileEncoding = 4; lastKnownFileType = sourcecode.swift; path = EditProfileTableViewCell.swift; sourceTree = "<group>"; };
		BFCCC4A81E6DF12000CFF898 /* InfoTableViewCell.swift */ = {isa = PBXFileReference; fileEncoding = 4; lastKnownFileType = sourcecode.swift; path = InfoTableViewCell.swift; sourceTree = "<group>"; };
		C757AF9E2CBB7A67E1F46E42 /* Pods-MammaFoodie.release.xcconfig */ = {isa = PBXFileReference; includeInIndex = 1; lastKnownFileType = text.xcconfig; name = "Pods-MammaFoodie.release.xcconfig"; path = "Pods/Target Support Files/Pods-MammaFoodie/Pods-MammaFoodie.release.xcconfig"; sourceTree = "<group>"; };
		EFEBD08B76275951CC679267 /* Pods-MammaFoodieTests.debug.xcconfig */ = {isa = PBXFileReference; includeInIndex = 1; lastKnownFileType = text.xcconfig; name = "Pods-MammaFoodieTests.debug.xcconfig"; path = "Pods/Target Support Files/Pods-MammaFoodieTests/Pods-MammaFoodieTests.debug.xcconfig"; sourceTree = "<group>"; };
		F298BC0C2AF8494C9185AB67 /* Pods_MammaFoodieTests.framework */ = {isa = PBXFileReference; explicitFileType = wrapper.framework; includeInIndex = 0; path = Pods_MammaFoodieTests.framework; sourceTree = BUILT_PRODUCTS_DIR; };
/* End PBXFileReference section */

/* Begin PBXFrameworksBuildPhase section */
		2B6CD0AE1E5DDBA00001EA68 /* Frameworks */ = {
			isa = PBXFrameworksBuildPhase;
			buildActionMask = 2147483647;
			files = (
				2B8C76F41E5DF24400FA60C8 /* FBSDKLoginKit.framework in Frameworks */,
				2B8C76F71E5DF29700FA60C8 /* FBSDKCoreKit.framework in Frameworks */,
				845D39E68BE4626233789129 /* Pods_MammaFoodie.framework in Frameworks */,
				2B8C76F81E5DF29700FA60C8 /* Bolts.framework in Frameworks */,
			);
			runOnlyForDeploymentPostprocessing = 0;
		};
		2B6CD0C21E5DDBA00001EA68 /* Frameworks */ = {
			isa = PBXFrameworksBuildPhase;
			buildActionMask = 2147483647;
			files = (
				1CD8625914E88A054A9AF18D /* Pods_MammaFoodieTests.framework in Frameworks */,
			);
			runOnlyForDeploymentPostprocessing = 0;
		};
/* End PBXFrameworksBuildPhase section */

/* Begin PBXGroup section */
		2B6CD0A81E5DDBA00001EA68 = {
			isa = PBXGroup;
			children = (
				2B6CD0B31E5DDBA00001EA68 /* MammaFoodie */,
				2B6CD0C81E5DDBA00001EA68 /* MammaFoodieTests */,
				2B6CD0B21E5DDBA00001EA68 /* Products */,
				A46D1D736EC28A9CC4BE4BA5 /* Pods */,
				ED4FCCBCA995C24377BCEF44 /* Frameworks */,
			);
			sourceTree = "<group>";
		};
		2B6CD0B21E5DDBA00001EA68 /* Products */ = {
			isa = PBXGroup;
			children = (
				2B6CD0B11E5DDBA00001EA68 /* MammaFoodie.app */,
				2B6CD0C51E5DDBA00001EA68 /* MammaFoodieTests.xctest */,
			);
			name = Products;
			sourceTree = "<group>";
		};
		2B6CD0B31E5DDBA00001EA68 /* MammaFoodie */ = {
			isa = PBXGroup;
			children = (
				2B35B1591E5E2E1100A6C06C /* MammaFoodie.entitlements */,
				2B6CD0B41E5DDBA00001EA68 /* AppDelegate.swift */,
				BF29818B1E7B2C5E00AE1357 /* Secrets.swift */,
				2B4900381E7C7078003403CD /* GoogleService-Info.plist */,
				BF3F61091E6F20B5008EF3C9 /* To Do */,
				BF7F19261E60DF2C00595CA4 /* ViewControllers */,
				BFCCC4AC1E6DF14D00CFF898 /* Settings */,
				2B9C92F61E647ECF0020FD28 /* Views */,
				BF7F192D1E647C1000595CA4 /* Cells */,
				BFB8535C1E5DE57D009D7069 /* Models */,
				BFB853671E5DFABF009D7069 /* Helpers */,
				BF7F19441E672A5500595CA4 /* Fonts */,
				2B6CD0B81E5DDBA00001EA68 /* Main.storyboard */,
				2B6CD0BB1E5DDBA00001EA68 /* Assets.xcassets */,
				2B6CD0BD1E5DDBA00001EA68 /* LaunchScreen.storyboard */,
				2B6CD0C01E5DDBA00001EA68 /* Info.plist */,
				2B752A231E5DE52800EAECEB /* Frameworks */,
			);
			path = MammaFoodie;
			sourceTree = "<group>";
		};
		2B6CD0C81E5DDBA00001EA68 /* MammaFoodieTests */ = {
			isa = PBXGroup;
			children = (
				2B6CD0C91E5DDBA00001EA68 /* MammaFoodieTests.swift */,
				2B6CD0CB1E5DDBA00001EA68 /* Info.plist */,
			);
			path = MammaFoodieTests;
			sourceTree = "<group>";
		};
		2B752A231E5DE52800EAECEB /* Frameworks */ = {
			isa = PBXGroup;
			children = (
				2B8C76F51E5DF29700FA60C8 /* FBSDKCoreKit.framework */,
				2B8C76F61E5DF29700FA60C8 /* Bolts.framework */,
				2B8C76F31E5DF24400FA60C8 /* FBSDKLoginKit.framework */,
			);
			name = Frameworks;
			sourceTree = "<group>";
		};
		2B9C92F61E647ECF0020FD28 /* Views */ = {
			isa = PBXGroup;
			children = (
				2B9C92F41E647ECA0020FD28 /* ProfileView.swift */,
				2B89C7B11E64BA0B009B88D9 /* ProfileTableHeaderView.swift */,
				2B025E3D1E73101C00113729 /* FormTableViewHeaderView.swift */,
				2B025E321E69DB1B00113729 /* DishAlertView.swift */,
				2B35B15C1E60C4B100A6C06C /* FormSubmitButton.swift */,
				2B025E301E69CCFA00113729 /* ProfileTableViewButton.swift */,
				BF7F194B1E68F2CA00595CA4 /* FollowButton.swift */,
				2B9C92F71E647F380020FD28 /* DishTableViewCell.swift */,
				2B9C92F91E647F490020FD28 /* ReviewTableViewCell.swift */,
				2B9C92FB1E647F740020FD28 /* UserTableViewCell.swift */,
				BF7F19491E676C8200595CA4 /* SearchUserTableViewCell.swift */,
				2B025E3B1E73070800113729 /* AddImageTableViewCell.swift */,
				2BA794ED1E7ABD2F00489F8D /* CartItemTableViewCell.swift */,
				2BA794F11E7ACEA800489F8D /* DeliveryInfoView.swift */,
				2B4900361E7B24B7003403CD /* PaymentView.swift */,
				2B49003A1E7C8072003403CD /* FloatingCartView.swift */,
			);
			name = Views;
			sourceTree = "<group>";
		};
		A46D1D736EC28A9CC4BE4BA5 /* Pods */ = {
			isa = PBXGroup;
			children = (
				B1533229496A4BCF63BB62D3 /* Pods-MammaFoodie.debug.xcconfig */,
				C757AF9E2CBB7A67E1F46E42 /* Pods-MammaFoodie.release.xcconfig */,
				EFEBD08B76275951CC679267 /* Pods-MammaFoodieTests.debug.xcconfig */,
				BD02199AB0AA243CD21FBD43 /* Pods-MammaFoodieTests.release.xcconfig */,
			);
			name = Pods;
			sourceTree = "<group>";
		};
		BF2981801E7B1BAF00AE1357 /* Stripe */ = {
			isa = PBXGroup;
			children = (
				BF29817E1E7B16DD00AE1357 /* Networking.swift */,
				BF2981851E7B200200AE1357 /* CheckoutRowView.swift */,
				BF29817C1E7B164900AE1357 /* APIClient.swift */,
				BF40C3191E7E22C30006A454 /* StripeApiClient.swift */,
				BF2981891E7B20B000AE1357 /* StripeSettingsViewController.swift */,
				BF2981871E7B203700AE1357 /* Buttons.swift */,
			);
			name = Stripe;
			sourceTree = "<group>";
		};
		BF3F61091E6F20B5008EF3C9 /* To Do */ = {
			isa = PBXGroup;
			children = (
				BF3F61051E6F0DD9008EF3C9 /* OnboardingViewController.swift */,
				BF706C3E1E7AE59700D792B5 /* PaymentViewController.swift */,
				BF75FF531E69DBB900DD7102 /* SettingsViewController.swift */,
				BF2981801E7B1BAF00AE1357 /* Stripe */,
			);
			name = "To Do";
			sourceTree = "<group>";
		};
		BF7F19261E60DF2C00595CA4 /* ViewControllers */ = {
			isa = PBXGroup;
			children = (
				BF9E09BA1E7715D100059A30 /* BroadcastViews */,
				BF9E09BB1E77160100059A30 /* Sign in */,
				BF7F191E1E60DE9D00595CA4 /* UserPageViewController.swift */,
				BF7F19201E60DEE900595CA4 /* ProfileViewController.swift */,
				BF7F19221E60DF0100595CA4 /* MainFeedViewController.swift */,
				BF7F19241E60DF1E00595CA4 /* SearchViewController.swift */,
				2B025E391E6F5D2300113729 /* AddDishViewController.swift */,
				2B8881501E75C80A008BB0B5 /* PurchaseDishViewController.swift */,
				2B05E7551E76DAF40060821C /* PlaceOrderViewController.swift */,
			);
			name = ViewControllers;
			sourceTree = "<group>";
		};
		BF7F192D1E647C1000595CA4 /* Cells */ = {
			isa = PBXGroup;
			children = (
				BF7F19381E64CFAE00595CA4 /* MainFeedTableViewCells */,
				BF7F19391E64CFC300595CA4 /* MainFeedCollectionViewCells */,
			);
			name = Cells;
			sourceTree = "<group>";
		};
		BF7F19381E64CFAE00595CA4 /* MainFeedTableViewCells */ = {
			isa = PBXGroup;
			children = (
				BF7F193A1E64CFEF00595CA4 /* FeaturedChefTableViewCell.swift */,
				BF7F193C1E64CFFC00595CA4 /* CookingNowTableViewCell.swift */,
				BF7F193E1E64D03600595CA4 /* LiveNowTableViewCell.swift */,
				BF7F19401E64D04900595CA4 /* UpcomingBroadcastsTableViewCell.swift */,
			);
			name = MainFeedTableViewCells;
			sourceTree = "<group>";
		};
		BF7F19391E64CFC300595CA4 /* MainFeedCollectionViewCells */ = {
			isa = PBXGroup;
			children = (
				BF7F19321E6485BA00595CA4 /* FeaturedChefCollectionViewCell.swift */,
				BF7F192B1E647C0600595CA4 /* CookingNowCollectionViewCell.swift */,
				BF7F192E1E647D3700595CA4 /* LiveNowCollectionViewCell.swift */,
				BF7F19301E647D5400595CA4 /* UpcomingBroadcastsCollectionViewCell.swift */,
			);
			name = MainFeedCollectionViewCells;
			sourceTree = "<group>";
		};
		BF7F19441E672A5500595CA4 /* Fonts */ = {
			isa = PBXGroup;
			children = (
				BF7F19471E672ACC00595CA4 /* Nexa Light.otf */,
				BF7F19451E672AB900595CA4 /* Nexa Bold.otf */,
			);
			name = Fonts;
			sourceTree = "<group>";
		};
		BF9E09BA1E7715D100059A30 /* BroadcastViews */ = {
			isa = PBXGroup;
			children = (
				BF3F61071E6F1EB3008EF3C9 /* ScheduleBroadcastViewController.swift */,
				BF9E09B41E77157D00059A30 /* BroadcastTitleViewController.swift */,
				BF706C3A1E78FDA800D792B5 /* BroadcastDescriptionViewController.swift */,
				BF9E09B21E76004000059A30 /* DatePickerViewController.swift */,
				BF9E09B81E7715CB00059A30 /* SelectDishViewController.swift */,
			);
			name = BroadcastViews;
			sourceTree = "<group>";
		};
		BF9E09BB1E77160100059A30 /* Sign in */ = {
			isa = PBXGroup;
			children = (
				2B35B15A1E60A86F00A6C06C /* SignupViewController.swift */,
				2B752A211E5DE3AE00EAECEB /* LoginViewController.swift */,
			);
			name = "Sign in";
			sourceTree = "<group>";
		};
		BFB8535C1E5DE57D009D7069 /* Models */ = {
			isa = PBXGroup;
			children = (
				BFB853561E5DE20B009D7069 /* User.swift */,
				BFB853581E5DE342009D7069 /* Dish.swift */,
				BFB8535A1E5DE55F009D7069 /* Review.swift */,
				BFB8535F1E5DE7DA009D7069 /* Broadcast.swift */,
				BFB8535D1E5DE671009D7069 /* Notification.swift */,
				BF7F191C1E60BA3600595CA4 /* Comment.swift */,
				BF7F19341E64BB8E00595CA4 /* SupplementaryHeaderCollectionReusableView.swift */,
				BF3F61011E6DF555008EF3C9 /* Address.swift */,
			);
			name = Models;
			sourceTree = "<group>";
		};
		BFB853671E5DFABF009D7069 /* Helpers */ = {
			isa = PBXGroup;
			children = (
				2BC3CA0E1E802EB900D8D855 /* Secrets.swift */,
				BFB853631E5DEE74009D7069 /* FIRImage.swift */,
				2B9C92F21E6478950020FD28 /* FirebaseAPIClient.swift */,
				2BC3CA101E80343E00D8D855 /* PostmatesAPIClient.swift */,
				BFB853611E5DEA35009D7069 /* DatabaseReference.swift */,
				BFB853651E5DFA7A009D7069 /* Datastore.swift */,
				BF7F19181E60A51200595CA4 /* Constants.swift */,
				BF7F191A1E60A7A600595CA4 /* Extentions.swift */,
				BF7F19271E6472CE00595CA4 /* MediaPickerHelper.swift */,
				BF7F19291E64731900595CA4 /* NavBar.swift */,
			);
			name = Helpers;
			sourceTree = "<group>";
		};
		BFCCC4AC1E6DF14D00CFF898 /* Settings */ = {
			isa = PBXGroup;
			children = (
				BFCCC4AE1E6DF16C00CFF898 /* Cells */,
				BFCCC4AD1E6DF15F00CFF898 /* ViewControllers */,
			);
			name = Settings;
			sourceTree = "<group>";
		};
		BFCCC4AD1E6DF15F00CFF898 /* ViewControllers */ = {
			isa = PBXGroup;
			children = (
				BF3F61031E6E0A36008EF3C9 /* AddressesViewController.swift */,
				BF75FF511E69C63A00DD7102 /* AddAddressViewController.swift */,
				BF3F610A1E6F211E008EF3C9 /* EditProfileViewController.swift */,
			);
			name = ViewControllers;
			sourceTree = "<group>";
		};
		BFCCC4AE1E6DF16C00CFF898 /* Cells */ = {
			isa = PBXGroup;
			children = (
				BFCCC4A61E6DCDC000CFF898 /* EditProfileTableViewCell.swift */,
				BF706C3C1E79111100D792B5 /* BroadcastImageTableViewCell.swift */,
				BF75FF551E69F28E00DD7102 /* TextFieldTableViewCell.swift */,
				BF3F610C1E6F5923008EF3C9 /* TextViewTableViewCell.swift */,
				BFCCC4A81E6DF12000CFF898 /* InfoTableViewCell.swift */,
			);
			name = Cells;
			sourceTree = "<group>";
		};
		ED4FCCBCA995C24377BCEF44 /* Frameworks */ = {
			isa = PBXGroup;
			children = (
				09ECF1084C50127AB0E98CCE /* Pods_MammaFoodie.framework */,
				F298BC0C2AF8494C9185AB67 /* Pods_MammaFoodieTests.framework */,
			);
			name = Frameworks;
			sourceTree = "<group>";
		};
/* End PBXGroup section */

/* Begin PBXNativeTarget section */
		2B6CD0B01E5DDBA00001EA68 /* MammaFoodie */ = {
			isa = PBXNativeTarget;
			buildConfigurationList = 2B6CD0CE1E5DDBA00001EA68 /* Build configuration list for PBXNativeTarget "MammaFoodie" */;
			buildPhases = (
				E26F02A32B736791D1799DBA /* [CP] Check Pods Manifest.lock */,
				2B6CD0AD1E5DDBA00001EA68 /* Sources */,
				2B6CD0AE1E5DDBA00001EA68 /* Frameworks */,
				2B6CD0AF1E5DDBA00001EA68 /* Resources */,
				2197F79E9B22A52A643AEAC8 /* [CP] Embed Pods Frameworks */,
				401834575E7C12AC2740D8F4 /* [CP] Copy Pods Resources */,
			);
			buildRules = (
			);
			dependencies = (
			);
			name = MammaFoodie;
			productName = MammaFoodie;
			productReference = 2B6CD0B11E5DDBA00001EA68 /* MammaFoodie.app */;
			productType = "com.apple.product-type.application";
		};
		2B6CD0C41E5DDBA00001EA68 /* MammaFoodieTests */ = {
			isa = PBXNativeTarget;
			buildConfigurationList = 2B6CD0D11E5DDBA00001EA68 /* Build configuration list for PBXNativeTarget "MammaFoodieTests" */;
			buildPhases = (
				616668B265C340C87E8EDB16 /* [CP] Check Pods Manifest.lock */,
				2B6CD0C11E5DDBA00001EA68 /* Sources */,
				2B6CD0C21E5DDBA00001EA68 /* Frameworks */,
				2B6CD0C31E5DDBA00001EA68 /* Resources */,
				B6B0883C646FDAC2DE637BDC /* [CP] Embed Pods Frameworks */,
				B19799225E2D40A0DE7FF998 /* [CP] Copy Pods Resources */,
			);
			buildRules = (
			);
			dependencies = (
				2B6CD0C71E5DDBA00001EA68 /* PBXTargetDependency */,
			);
			name = MammaFoodieTests;
			productName = MammaFoodieTests;
			productReference = 2B6CD0C51E5DDBA00001EA68 /* MammaFoodieTests.xctest */;
			productType = "com.apple.product-type.bundle.unit-test";
		};
/* End PBXNativeTarget section */

/* Begin PBXProject section */
		2B6CD0A91E5DDBA00001EA68 /* Project object */ = {
			isa = PBXProject;
			attributes = {
				LastSwiftUpdateCheck = 0820;
				LastUpgradeCheck = 0820;
				ORGANIZATIONNAME = MammaFoodieCorp;
				TargetAttributes = {
					2B6CD0B01E5DDBA00001EA68 = {
						CreatedOnToolsVersion = 8.2.1;
						DevelopmentTeam = ZTEU5RXF67;
						ProvisioningStyle = Automatic;
						SystemCapabilities = {
							com.apple.Keychain = {
								enabled = 1;
							};
						};
					};
					2B6CD0C41E5DDBA00001EA68 = {
						CreatedOnToolsVersion = 8.2.1;
						DevelopmentTeam = HKWV3QPGW3;
						ProvisioningStyle = Automatic;
						TestTargetID = 2B6CD0B01E5DDBA00001EA68;
					};
				};
			};
			buildConfigurationList = 2B6CD0AC1E5DDBA00001EA68 /* Build configuration list for PBXProject "MammaFoodie" */;
			compatibilityVersion = "Xcode 3.2";
			developmentRegion = English;
			hasScannedForEncodings = 0;
			knownRegions = (
				en,
				Base,
			);
			mainGroup = 2B6CD0A81E5DDBA00001EA68;
			productRefGroup = 2B6CD0B21E5DDBA00001EA68 /* Products */;
			projectDirPath = "";
			projectRoot = "";
			targets = (
				2B6CD0B01E5DDBA00001EA68 /* MammaFoodie */,
				2B6CD0C41E5DDBA00001EA68 /* MammaFoodieTests */,
			);
		};
/* End PBXProject section */

/* Begin PBXResourcesBuildPhase section */
		2B6CD0AF1E5DDBA00001EA68 /* Resources */ = {
			isa = PBXResourcesBuildPhase;
			buildActionMask = 2147483647;
			files = (
				2B6CD0BF1E5DDBA00001EA68 /* LaunchScreen.storyboard in Resources */,
				2B6CD0BC1E5DDBA00001EA68 /* Assets.xcassets in Resources */,
				BF7F19461E672AB900595CA4 /* Nexa Bold.otf in Resources */,
				2B6CD0BA1E5DDBA00001EA68 /* Main.storyboard in Resources */,
				BF7F19481E672ACC00595CA4 /* Nexa Light.otf in Resources */,
				2B4900391E7C7078003403CD /* GoogleService-Info.plist in Resources */,
			);
			runOnlyForDeploymentPostprocessing = 0;
		};
		2B6CD0C31E5DDBA00001EA68 /* Resources */ = {
			isa = PBXResourcesBuildPhase;
			buildActionMask = 2147483647;
			files = (
			);
			runOnlyForDeploymentPostprocessing = 0;
		};
/* End PBXResourcesBuildPhase section */

/* Begin PBXShellScriptBuildPhase section */
		2197F79E9B22A52A643AEAC8 /* [CP] Embed Pods Frameworks */ = {
			isa = PBXShellScriptBuildPhase;
			buildActionMask = 2147483647;
			files = (
			);
			inputPaths = (
			);
			name = "[CP] Embed Pods Frameworks";
			outputPaths = (
			);
			runOnlyForDeploymentPostprocessing = 0;
			shellPath = /bin/sh;
			shellScript = "\"${SRCROOT}/Pods/Target Support Files/Pods-MammaFoodie/Pods-MammaFoodie-frameworks.sh\"\n";
			showEnvVarsInLog = 0;
		};
		401834575E7C12AC2740D8F4 /* [CP] Copy Pods Resources */ = {
			isa = PBXShellScriptBuildPhase;
			buildActionMask = 2147483647;
			files = (
			);
			inputPaths = (
			);
			name = "[CP] Copy Pods Resources";
			outputPaths = (
			);
			runOnlyForDeploymentPostprocessing = 0;
			shellPath = /bin/sh;
			shellScript = "\"${SRCROOT}/Pods/Target Support Files/Pods-MammaFoodie/Pods-MammaFoodie-resources.sh\"\n";
			showEnvVarsInLog = 0;
		};
		616668B265C340C87E8EDB16 /* [CP] Check Pods Manifest.lock */ = {
			isa = PBXShellScriptBuildPhase;
			buildActionMask = 2147483647;
			files = (
			);
			inputPaths = (
			);
			name = "[CP] Check Pods Manifest.lock";
			outputPaths = (
			);
			runOnlyForDeploymentPostprocessing = 0;
			shellPath = /bin/sh;
			shellScript = "diff \"${PODS_ROOT}/../Podfile.lock\" \"${PODS_ROOT}/Manifest.lock\" > /dev/null\nif [ $? != 0 ] ; then\n    # print error to STDERR\n    echo \"error: The sandbox is not in sync with the Podfile.lock. Run 'pod install' or update your CocoaPods installation.\" >&2\n    exit 1\nfi\n";
			showEnvVarsInLog = 0;
		};
		B19799225E2D40A0DE7FF998 /* [CP] Copy Pods Resources */ = {
			isa = PBXShellScriptBuildPhase;
			buildActionMask = 2147483647;
			files = (
			);
			inputPaths = (
			);
			name = "[CP] Copy Pods Resources";
			outputPaths = (
			);
			runOnlyForDeploymentPostprocessing = 0;
			shellPath = /bin/sh;
			shellScript = "\"${SRCROOT}/Pods/Target Support Files/Pods-MammaFoodieTests/Pods-MammaFoodieTests-resources.sh\"\n";
			showEnvVarsInLog = 0;
		};
		B6B0883C646FDAC2DE637BDC /* [CP] Embed Pods Frameworks */ = {
			isa = PBXShellScriptBuildPhase;
			buildActionMask = 2147483647;
			files = (
			);
			inputPaths = (
			);
			name = "[CP] Embed Pods Frameworks";
			outputPaths = (
			);
			runOnlyForDeploymentPostprocessing = 0;
			shellPath = /bin/sh;
			shellScript = "\"${SRCROOT}/Pods/Target Support Files/Pods-MammaFoodieTests/Pods-MammaFoodieTests-frameworks.sh\"\n";
			showEnvVarsInLog = 0;
		};
		E26F02A32B736791D1799DBA /* [CP] Check Pods Manifest.lock */ = {
			isa = PBXShellScriptBuildPhase;
			buildActionMask = 2147483647;
			files = (
			);
			inputPaths = (
			);
			name = "[CP] Check Pods Manifest.lock";
			outputPaths = (
			);
			runOnlyForDeploymentPostprocessing = 0;
			shellPath = /bin/sh;
			shellScript = "diff \"${PODS_ROOT}/../Podfile.lock\" \"${PODS_ROOT}/Manifest.lock\" > /dev/null\nif [ $? != 0 ] ; then\n    # print error to STDERR\n    echo \"error: The sandbox is not in sync with the Podfile.lock. Run 'pod install' or update your CocoaPods installation.\" >&2\n    exit 1\nfi\n";
			showEnvVarsInLog = 0;
		};
/* End PBXShellScriptBuildPhase section */

/* Begin PBXSourcesBuildPhase section */
		2B6CD0AD1E5DDBA00001EA68 /* Sources */ = {
			isa = PBXSourcesBuildPhase;
			buildActionMask = 2147483647;
			files = (
				2B752A221E5DE3AE00EAECEB /* LoginViewController.swift in Sources */,
				2B05E7561E76DAF40060821C /* PlaceOrderViewController.swift in Sources */,
				BF7F192F1E647D3700595CA4 /* LiveNowCollectionViewCell.swift in Sources */,
				2B8881511E75C80A008BB0B5 /* PurchaseDishViewController.swift in Sources */,
				BF7F19191E60A51200595CA4 /* Constants.swift in Sources */,
				2BA794EE1E7ABD2F00489F8D /* CartItemTableViewCell.swift in Sources */,
				BFCCC4A91E6DF12000CFF898 /* InfoTableViewCell.swift in Sources */,
				BFB8535B1E5DE55F009D7069 /* Review.swift in Sources */,
				2B35B15B1E60A86F00A6C06C /* SignupViewController.swift in Sources */,
				2B9C92FC1E647F740020FD28 /* UserTableViewCell.swift in Sources */,
				BF706C3F1E7AE59700D792B5 /* PaymentViewController.swift in Sources */,
				2B025E311E69CCFA00113729 /* ProfileTableViewButton.swift in Sources */,
				BF7F19251E60DF1E00595CA4 /* SearchViewController.swift in Sources */,
				BF7F19351E64BB8E00595CA4 /* SupplementaryHeaderCollectionReusableView.swift in Sources */,
				BF3F61021E6DF555008EF3C9 /* Address.swift in Sources */,
				BF7F193B1E64CFEF00595CA4 /* FeaturedChefTableViewCell.swift in Sources */,
				BF75FF561E69F28E00DD7102 /* TextFieldTableViewCell.swift in Sources */,
				BF7F194A1E676C8200595CA4 /* SearchUserTableViewCell.swift in Sources */,
				BFB853621E5DEA35009D7069 /* DatabaseReference.swift in Sources */,
				BF7F192C1E647C0600595CA4 /* CookingNowCollectionViewCell.swift in Sources */,
				BF9E09B91E7715CB00059A30 /* SelectDishViewController.swift in Sources */,
				2B49003B1E7C8072003403CD /* FloatingCartView.swift in Sources */,
				BF3F61081E6F1EB3008EF3C9 /* ScheduleBroadcastViewController.swift in Sources */,
				BF7F194C1E68F2CA00595CA4 /* FollowButton.swift in Sources */,
				BFB853661E5DFA7A009D7069 /* Datastore.swift in Sources */,
				BFB8535E1E5DE671009D7069 /* Notification.swift in Sources */,
				2B9C92F31E6478950020FD28 /* FirebaseAPIClient.swift in Sources */,
				2B025E3E1E73101C00113729 /* FormTableViewHeaderView.swift in Sources */,
				BF7F191F1E60DE9D00595CA4 /* UserPageViewController.swift in Sources */,
				BF40C31A1E7E22C30006A454 /* StripeApiClient.swift in Sources */,
				BFB853641E5DEE74009D7069 /* FIRImage.swift in Sources */,
				2B89C7B21E64BA0B009B88D9 /* ProfileTableHeaderView.swift in Sources */,
				BF7F19311E647D5400595CA4 /* UpcomingBroadcastsCollectionViewCell.swift in Sources */,
				BF9E09B31E76004000059A30 /* DatePickerViewController.swift in Sources */,
				BF7F193D1E64CFFC00595CA4 /* CookingNowTableViewCell.swift in Sources */,
				BFB853601E5DE7DA009D7069 /* Broadcast.swift in Sources */,
				BF7F192A1E64731900595CA4 /* NavBar.swift in Sources */,
				BF75FF541E69DBB900DD7102 /* SettingsViewController.swift in Sources */,
				BF7F191D1E60BA3600595CA4 /* Comment.swift in Sources */,
				BF2981881E7B203700AE1357 /* Buttons.swift in Sources */,
				BF7F191B1E60A7A600595CA4 /* Extentions.swift in Sources */,
				BF7F19411E64D04900595CA4 /* UpcomingBroadcastsTableViewCell.swift in Sources */,
				BFB853591E5DE342009D7069 /* Dish.swift in Sources */,
				BF3F610B1E6F211E008EF3C9 /* EditProfileViewController.swift in Sources */,
				BF3F61041E6E0A36008EF3C9 /* AddressesViewController.swift in Sources */,
				BF7F19211E60DEE900595CA4 /* ProfileViewController.swift in Sources */,
				2BC3CA0F1E802EB900D8D855 /* Secrets.swift in Sources */,
				2B6CD0B51E5DDBA00001EA68 /* AppDelegate.swift in Sources */,
				2B025E3A1E6F5D2300113729 /* AddDishViewController.swift in Sources */,
				BF7F193F1E64D03600595CA4 /* LiveNowTableViewCell.swift in Sources */,
				BF7F19281E6472CE00595CA4 /* MediaPickerHelper.swift in Sources */,
				BF706C3B1E78FDA800D792B5 /* BroadcastDescriptionViewController.swift in Sources */,
				BF29818A1E7B20B000AE1357 /* StripeSettingsViewController.swift in Sources */,
				BF7F19331E6485BA00595CA4 /* FeaturedChefCollectionViewCell.swift in Sources */,
				2B025E331E69DB1C00113729 /* DishAlertView.swift in Sources */,
				BF29817F1E7B16DD00AE1357 /* Networking.swift in Sources */,
				BF3F61061E6F0DD9008EF3C9 /* OnboardingViewController.swift in Sources */,
				BF9E09B51E77157D00059A30 /* BroadcastTitleViewController.swift in Sources */,
				BF75FF521E69C63A00DD7102 /* AddAddressViewController.swift in Sources */,
				BFB853571E5DE20B009D7069 /* User.swift in Sources */,
				BF2981861E7B200200AE1357 /* CheckoutRowView.swift in Sources */,
				BF706C3D1E79111100D792B5 /* BroadcastImageTableViewCell.swift in Sources */,
				2B35B15D1E60C4B100A6C06C /* FormSubmitButton.swift in Sources */,
				2BC3CA111E80343E00D8D855 /* PostmatesAPIClient.swift in Sources */,
				2B4900371E7B24B7003403CD /* PaymentView.swift in Sources */,
				BFCCC4A71E6DCDC000CFF898 /* EditProfileTableViewCell.swift in Sources */,
				2B9C92F81E647F380020FD28 /* DishTableViewCell.swift in Sources */,
				2B025E3C1E73070800113729 /* AddImageTableViewCell.swift in Sources */,
				2B9C92F51E647ECA0020FD28 /* ProfileView.swift in Sources */,
				2B9C92FA1E647F490020FD28 /* ReviewTableViewCell.swift in Sources */,
				BF7F19231E60DF0100595CA4 /* MainFeedViewController.swift in Sources */,
				2BA794F21E7ACEA800489F8D /* DeliveryInfoView.swift in Sources */,
				BF3F610D1E6F5923008EF3C9 /* TextViewTableViewCell.swift in Sources */,
				BF29817D1E7B164900AE1357 /* APIClient.swift in Sources */,
			);
			runOnlyForDeploymentPostprocessing = 0;
		};
		2B6CD0C11E5DDBA00001EA68 /* Sources */ = {
			isa = PBXSourcesBuildPhase;
			buildActionMask = 2147483647;
			files = (
				2B6CD0CA1E5DDBA00001EA68 /* MammaFoodieTests.swift in Sources */,
			);
			runOnlyForDeploymentPostprocessing = 0;
		};
/* End PBXSourcesBuildPhase section */

/* Begin PBXTargetDependency section */
		2B6CD0C71E5DDBA00001EA68 /* PBXTargetDependency */ = {
			isa = PBXTargetDependency;
			target = 2B6CD0B01E5DDBA00001EA68 /* MammaFoodie */;
			targetProxy = 2B6CD0C61E5DDBA00001EA68 /* PBXContainerItemProxy */;
		};
/* End PBXTargetDependency section */

/* Begin PBXVariantGroup section */
		2B6CD0B81E5DDBA00001EA68 /* Main.storyboard */ = {
			isa = PBXVariantGroup;
			children = (
				2B6CD0B91E5DDBA00001EA68 /* Base */,
			);
			name = Main.storyboard;
			sourceTree = "<group>";
		};
		2B6CD0BD1E5DDBA00001EA68 /* LaunchScreen.storyboard */ = {
			isa = PBXVariantGroup;
			children = (
				2B6CD0BE1E5DDBA00001EA68 /* Base */,
			);
			name = LaunchScreen.storyboard;
			sourceTree = "<group>";
		};
/* End PBXVariantGroup section */

/* Begin XCBuildConfiguration section */
		2B6CD0CC1E5DDBA00001EA68 /* Debug */ = {
			isa = XCBuildConfiguration;
			buildSettings = {
				ALWAYS_SEARCH_USER_PATHS = NO;
				CLANG_ANALYZER_NONNULL = YES;
				CLANG_CXX_LANGUAGE_STANDARD = "gnu++0x";
				CLANG_CXX_LIBRARY = "libc++";
				CLANG_ENABLE_MODULES = YES;
				CLANG_ENABLE_OBJC_ARC = YES;
				CLANG_WARN_BOOL_CONVERSION = YES;
				CLANG_WARN_CONSTANT_CONVERSION = YES;
				CLANG_WARN_DIRECT_OBJC_ISA_USAGE = YES_ERROR;
				CLANG_WARN_DOCUMENTATION_COMMENTS = YES;
				CLANG_WARN_EMPTY_BODY = YES;
				CLANG_WARN_ENUM_CONVERSION = YES;
				CLANG_WARN_INFINITE_RECURSION = YES;
				CLANG_WARN_INT_CONVERSION = YES;
				CLANG_WARN_OBJC_ROOT_CLASS = YES_ERROR;
				CLANG_WARN_SUSPICIOUS_MOVE = YES;
				CLANG_WARN_UNREACHABLE_CODE = YES;
				CLANG_WARN__DUPLICATE_METHOD_MATCH = YES;
				"CODE_SIGN_IDENTITY[sdk=iphoneos*]" = "iPhone Developer";
				COPY_PHASE_STRIP = NO;
				DEBUG_INFORMATION_FORMAT = dwarf;
				ENABLE_STRICT_OBJC_MSGSEND = YES;
				ENABLE_TESTABILITY = YES;
				GCC_C_LANGUAGE_STANDARD = gnu99;
				GCC_DYNAMIC_NO_PIC = NO;
				GCC_NO_COMMON_BLOCKS = YES;
				GCC_OPTIMIZATION_LEVEL = 0;
				GCC_PREPROCESSOR_DEFINITIONS = (
					"DEBUG=1",
					"$(inherited)",
				);
				GCC_WARN_64_TO_32_BIT_CONVERSION = YES;
				GCC_WARN_ABOUT_RETURN_TYPE = YES_ERROR;
				GCC_WARN_UNDECLARED_SELECTOR = YES;
				GCC_WARN_UNINITIALIZED_AUTOS = YES_AGGRESSIVE;
				GCC_WARN_UNUSED_FUNCTION = YES;
				GCC_WARN_UNUSED_VARIABLE = YES;
				IPHONEOS_DEPLOYMENT_TARGET = 10.2;
				MTL_ENABLE_DEBUG_INFO = YES;
				ONLY_ACTIVE_ARCH = YES;
				SDKROOT = iphoneos;
				SWIFT_ACTIVE_COMPILATION_CONDITIONS = DEBUG;
				SWIFT_OPTIMIZATION_LEVEL = "-Onone";
				TARGETED_DEVICE_FAMILY = "1,2";
			};
			name = Debug;
		};
		2B6CD0CD1E5DDBA00001EA68 /* Release */ = {
			isa = XCBuildConfiguration;
			buildSettings = {
				ALWAYS_SEARCH_USER_PATHS = NO;
				CLANG_ANALYZER_NONNULL = YES;
				CLANG_CXX_LANGUAGE_STANDARD = "gnu++0x";
				CLANG_CXX_LIBRARY = "libc++";
				CLANG_ENABLE_MODULES = YES;
				CLANG_ENABLE_OBJC_ARC = YES;
				CLANG_WARN_BOOL_CONVERSION = YES;
				CLANG_WARN_CONSTANT_CONVERSION = YES;
				CLANG_WARN_DIRECT_OBJC_ISA_USAGE = YES_ERROR;
				CLANG_WARN_DOCUMENTATION_COMMENTS = YES;
				CLANG_WARN_EMPTY_BODY = YES;
				CLANG_WARN_ENUM_CONVERSION = YES;
				CLANG_WARN_INFINITE_RECURSION = YES;
				CLANG_WARN_INT_CONVERSION = YES;
				CLANG_WARN_OBJC_ROOT_CLASS = YES_ERROR;
				CLANG_WARN_SUSPICIOUS_MOVE = YES;
				CLANG_WARN_UNREACHABLE_CODE = YES;
				CLANG_WARN__DUPLICATE_METHOD_MATCH = YES;
				"CODE_SIGN_IDENTITY[sdk=iphoneos*]" = "iPhone Developer";
				COPY_PHASE_STRIP = NO;
				DEBUG_INFORMATION_FORMAT = "dwarf-with-dsym";
				ENABLE_NS_ASSERTIONS = NO;
				ENABLE_STRICT_OBJC_MSGSEND = YES;
				GCC_C_LANGUAGE_STANDARD = gnu99;
				GCC_NO_COMMON_BLOCKS = YES;
				GCC_WARN_64_TO_32_BIT_CONVERSION = YES;
				GCC_WARN_ABOUT_RETURN_TYPE = YES_ERROR;
				GCC_WARN_UNDECLARED_SELECTOR = YES;
				GCC_WARN_UNINITIALIZED_AUTOS = YES_AGGRESSIVE;
				GCC_WARN_UNUSED_FUNCTION = YES;
				GCC_WARN_UNUSED_VARIABLE = YES;
				IPHONEOS_DEPLOYMENT_TARGET = 10.2;
				MTL_ENABLE_DEBUG_INFO = NO;
				SDKROOT = iphoneos;
				SWIFT_OPTIMIZATION_LEVEL = "-Owholemodule";
				TARGETED_DEVICE_FAMILY = "1,2";
				VALIDATE_PRODUCT = YES;
			};
			name = Release;
		};
		2B6CD0CF1E5DDBA00001EA68 /* Debug */ = {
			isa = XCBuildConfiguration;
			baseConfigurationReference = B1533229496A4BCF63BB62D3 /* Pods-MammaFoodie.debug.xcconfig */;
			buildSettings = {
				ASSETCATALOG_COMPILER_APPICON_NAME = AppIcon;
				CODE_SIGN_ENTITLEMENTS = MammaFoodie/MammaFoodie.entitlements;
				"CODE_SIGN_IDENTITY[sdk=iphoneos*]" = "iPhone Developer";
				DEVELOPMENT_TEAM = ZTEU5RXF67;
				FRAMEWORK_SEARCH_PATHS = (
					"$(inherited)",
					"~/FacebookSDK",
					"$(PROJECT_DIR)/MammaFoodie",
				);
				INFOPLIST_FILE = MammaFoodie/Info.plist;
				LD_RUNPATH_SEARCH_PATHS = "$(inherited) @executable_path/Frameworks";
				PRODUCT_BUNDLE_IDENTIFIER = MammaFoodieCorp.developer.MammaFoodie;
				PRODUCT_NAME = "$(TARGET_NAME)";
				SWIFT_VERSION = 3.0;
				TARGETED_DEVICE_FAMILY = 1;
			};
			name = Debug;
		};
		2B6CD0D01E5DDBA00001EA68 /* Release */ = {
			isa = XCBuildConfiguration;
			baseConfigurationReference = C757AF9E2CBB7A67E1F46E42 /* Pods-MammaFoodie.release.xcconfig */;
			buildSettings = {
				ASSETCATALOG_COMPILER_APPICON_NAME = AppIcon;
				CODE_SIGN_ENTITLEMENTS = MammaFoodie/MammaFoodie.entitlements;
				"CODE_SIGN_IDENTITY[sdk=iphoneos*]" = "iPhone Developer";
				DEVELOPMENT_TEAM = ZTEU5RXF67;
				FRAMEWORK_SEARCH_PATHS = (
					"$(inherited)",
					"~/FacebookSDK",
					"$(PROJECT_DIR)/MammaFoodie",
				);
				INFOPLIST_FILE = MammaFoodie/Info.plist;
				LD_RUNPATH_SEARCH_PATHS = "$(inherited) @executable_path/Frameworks";
				PRODUCT_BUNDLE_IDENTIFIER = MammaFoodieCorp.developer.MammaFoodie;
				PRODUCT_NAME = "$(TARGET_NAME)";
				SWIFT_VERSION = 3.0;
				TARGETED_DEVICE_FAMILY = 1;
			};
			name = Release;
		};
		2B6CD0D21E5DDBA00001EA68 /* Debug */ = {
			isa = XCBuildConfiguration;
			baseConfigurationReference = EFEBD08B76275951CC679267 /* Pods-MammaFoodieTests.debug.xcconfig */;
			buildSettings = {
				ALWAYS_EMBED_SWIFT_STANDARD_LIBRARIES = YES;
				BUNDLE_LOADER = "$(TEST_HOST)";
				DEVELOPMENT_TEAM = HKWV3QPGW3;
				INFOPLIST_FILE = MammaFoodieTests/Info.plist;
				LD_RUNPATH_SEARCH_PATHS = "$(inherited) @executable_path/Frameworks @loader_path/Frameworks";
				PRODUCT_BUNDLE_IDENTIFIER = MammaFoodieCorp.developer.MammaFoodieTests;
				PRODUCT_NAME = "$(TARGET_NAME)";
				SWIFT_VERSION = 3.0;
				TEST_HOST = "$(BUILT_PRODUCTS_DIR)/MammaFoodie.app/MammaFoodie";
			};
			name = Debug;
		};
		2B6CD0D31E5DDBA00001EA68 /* Release */ = {
			isa = XCBuildConfiguration;
			baseConfigurationReference = BD02199AB0AA243CD21FBD43 /* Pods-MammaFoodieTests.release.xcconfig */;
			buildSettings = {
				ALWAYS_EMBED_SWIFT_STANDARD_LIBRARIES = YES;
				BUNDLE_LOADER = "$(TEST_HOST)";
				DEVELOPMENT_TEAM = HKWV3QPGW3;
				INFOPLIST_FILE = MammaFoodieTests/Info.plist;
				LD_RUNPATH_SEARCH_PATHS = "$(inherited) @executable_path/Frameworks @loader_path/Frameworks";
				PRODUCT_BUNDLE_IDENTIFIER = MammaFoodieCorp.developer.MammaFoodieTests;
				PRODUCT_NAME = "$(TARGET_NAME)";
				SWIFT_VERSION = 3.0;
				TEST_HOST = "$(BUILT_PRODUCTS_DIR)/MammaFoodie.app/MammaFoodie";
			};
			name = Release;
		};
/* End XCBuildConfiguration section */

/* Begin XCConfigurationList section */
		2B6CD0AC1E5DDBA00001EA68 /* Build configuration list for PBXProject "MammaFoodie" */ = {
			isa = XCConfigurationList;
			buildConfigurations = (
				2B6CD0CC1E5DDBA00001EA68 /* Debug */,
				2B6CD0CD1E5DDBA00001EA68 /* Release */,
			);
			defaultConfigurationIsVisible = 0;
			defaultConfigurationName = Release;
		};
		2B6CD0CE1E5DDBA00001EA68 /* Build configuration list for PBXNativeTarget "MammaFoodie" */ = {
			isa = XCConfigurationList;
			buildConfigurations = (
				2B6CD0CF1E5DDBA00001EA68 /* Debug */,
				2B6CD0D01E5DDBA00001EA68 /* Release */,
			);
			defaultConfigurationIsVisible = 0;
			defaultConfigurationName = Release;
		};
		2B6CD0D11E5DDBA00001EA68 /* Build configuration list for PBXNativeTarget "MammaFoodieTests" */ = {
			isa = XCConfigurationList;
			buildConfigurations = (
				2B6CD0D21E5DDBA00001EA68 /* Debug */,
				2B6CD0D31E5DDBA00001EA68 /* Release */,
			);
			defaultConfigurationIsVisible = 0;
			defaultConfigurationName = Release;
		};
/* End XCConfigurationList section */
	};
	rootObject = 2B6CD0A91E5DDBA00001EA68 /* Project object */;
}
